
Microsoft Visual Studio Solution File, Format Version 12.00
# Visual Studio Version 17
VisualStudioVersion = 17.9.34728.123
MinimumVisualStudioVersion = 10.0.40219.1
Project("{FAE04EC0-301F-11D3-BF4B-00C04F79EFBC}") = "AdrenalinRush", "AdrenalinRush\AdrenalinRush.csproj", "{2C590DE2-6A62-4626-B89A-A7B66B955982}"
EndProject
Global
	GlobalSection(SolutionConfigurationPlatforms) = preSolution
		Debug|Any CPU = Debug|Any CPU
		Release|Any CPU = Release|Any CPU
	EndGlobalSection
	GlobalSection(ProjectConfigurationPlatforms) = postSolution
		{2C590DE2-6A62-4626-B89A-A7B66B955982}.Debug|Any CPU.ActiveCfg = Debug|Any CPU
		{2C590DE2-6A62-4626-B89A-A7B66B955982}.Debug|Any CPU.Build.0 = Debug|Any CPU
		{2C590DE2-6A62-4626-B89A-A7B66B955982}.Release|Any CPU.ActiveCfg = Release|Any CPU
		{2C590DE2-6A62-4626-B89A-A7B66B955982}.Release|Any CPU.Build.0 = Release|Any CPU
	EndGlobalSection
	GlobalSection(SolutionProperties) = preSolution
		HideSolutionNode = FALSE
	EndGlobalSection
	GlobalSection(ExtensibilityGlobals) = postSolution
		SolutionGuid = {C7F2987F-F17F-4E4F-9F09-C15E38B8A309}
	EndGlobalSection
EndGlobal
